
Microsoft Visual Studio Solution File, Format Version 12.00
# Visual Studio Version 17
VisualStudioVersion = 17.5.33530.505
MinimumVisualStudioVersion = 10.0.40219.1
Project("{9A19103F-16F7-4668-BE54-9A1E7A4F7556}") = "Oblig4-webapp", "Oblig4-webapp.csproj", "{4AAD7DF0-DEBA-4244-B730-181A2B9B0F09}"
EndProject
Project("{FAE04EC0-301F-11D3-BF4B-00C04F79EFBC}") = "Library3", "..\Library3\Library3.csproj", "{CCB4EEAD-D3A4-486C-9F7C-6E6159A67DDA}"
EndProject
Global
	GlobalSection(SolutionConfigurationPlatforms) = preSolution
		Debug|Any CPU = Debug|Any CPU
		Release|Any CPU = Release|Any CPU
	EndGlobalSection
	GlobalSection(ProjectConfigurationPlatforms) = postSolution
		{4AAD7DF0-DEBA-4244-B730-181A2B9B0F09}.Debug|Any CPU.ActiveCfg = Debug|Any CPU
		{4AAD7DF0-DEBA-4244-B730-181A2B9B0F09}.Debug|Any CPU.Build.0 = Debug|Any CPU
		{4AAD7DF0-DEBA-4244-B730-181A2B9B0F09}.Release|Any CPU.ActiveCfg = Release|Any CPU
		{4AAD7DF0-DEBA-4244-B730-181A2B9B0F09}.Release|Any CPU.Build.0 = Release|Any CPU
		{CCB4EEAD-D3A4-486C-9F7C-6E6159A67DDA}.Debug|Any CPU.ActiveCfg = Debug|Any CPU
		{CCB4EEAD-D3A4-486C-9F7C-6E6159A67DDA}.Debug|Any CPU.Build.0 = Debug|Any CPU
		{CCB4EEAD-D3A4-486C-9F7C-6E6159A67DDA}.Release|Any CPU.ActiveCfg = Release|Any CPU
		{CCB4EEAD-D3A4-486C-9F7C-6E6159A67DDA}.Release|Any CPU.Build.0 = Release|Any CPU
	EndGlobalSection
	GlobalSection(SolutionProperties) = preSolution
		HideSolutionNode = FALSE
	EndGlobalSection
	GlobalSection(ExtensibilityGlobals) = postSolution
		SolutionGuid = {2C00ACC7-BEBB-4AF3-91C6-7957B5BC6EAB}
	EndGlobalSection
EndGlobal
